
Microsoft Visual Studio Solution File, Format Version 12.00
# Visual Studio Version 17
VisualStudioVersion = 17.5.33530.505
MinimumVisualStudioVersion = 10.0.40219.1
Project("{2150E333-8FDC-42A3-9474-1A3956D46DE8}") = "Projects", "Projects", "{5D0E236A-A566-41D3-987A-7CFF137B4932}"
EndProject
Project("{2150E333-8FDC-42A3-9474-1A3956D46DE8}") = "Microservices", "Microservices", "{08D41F61-AFFB-40F5-92E8-165E0181CE8C}"
EndProject
Project("{9A19103F-16F7-4668-BE54-9A1E7A4F7556}") = "AFORO255.MS.TEST.Security", "AFORO255.MS.TEST.Security\AFORO255.MS.TEST.Security.csproj", "{2855D8C3-E6DC-4186-839B-3EBBE57E708A}"
EndProject
Project("{2150E333-8FDC-42A3-9474-1A3956D46DE8}") = "Elementos de la solución", "Elementos de la solución", "{B90271A7-170C-4AAA-88BC-8706AA794BCC}"
	ProjectSection(SolutionItems) = preProject
		.gitignore = .gitignore
		docker-compose-databases.yml = docker-compose-databases.yml
		docker-compose-services.yml = docker-compose-services.yml
	EndProjectSection
EndProject
Project("{9A19103F-16F7-4668-BE54-9A1E7A4F7556}") = "AFORO255.MS.TEST.Pay", "AFORO255.MS.TEST.Pay\AFORO255.MS.TEST.Pay.csproj", "{1644DFD9-7D6D-4BC5-A282-5581DD166E89}"
EndProject
Project("{FAE04EC0-301F-11D3-BF4B-00C04F79EFBC}") = "AFORO255.MS.TEST.Invoice", "AFORO255.MS.TEST.Invoice\AFORO255.MS.TEST.Invoice.csproj", "{84F6AA4D-9C90-4F30-9D87-8FCB1723EF13}"
EndProject
Project("{FAE04EC0-301F-11D3-BF4B-00C04F79EFBC}") = "AFORO255.MS.TEST.Transaction", "AFORO255.MS.TEST.Transaction\AFORO255.MS.TEST.Transaction.csproj", "{5589CA4F-6C98-43BA-99CB-D17C4248A11C}"
EndProject
Global
	GlobalSection(SolutionConfigurationPlatforms) = preSolution
		Debug|Any CPU = Debug|Any CPU
		Release|Any CPU = Release|Any CPU
	EndGlobalSection
	GlobalSection(ProjectConfigurationPlatforms) = postSolution
		{2855D8C3-E6DC-4186-839B-3EBBE57E708A}.Debug|Any CPU.ActiveCfg = Debug|Any CPU
		{2855D8C3-E6DC-4186-839B-3EBBE57E708A}.Debug|Any CPU.Build.0 = Debug|Any CPU
		{2855D8C3-E6DC-4186-839B-3EBBE57E708A}.Release|Any CPU.ActiveCfg = Release|Any CPU
		{2855D8C3-E6DC-4186-839B-3EBBE57E708A}.Release|Any CPU.Build.0 = Release|Any CPU
		{1644DFD9-7D6D-4BC5-A282-5581DD166E89}.Debug|Any CPU.ActiveCfg = Debug|Any CPU
		{1644DFD9-7D6D-4BC5-A282-5581DD166E89}.Debug|Any CPU.Build.0 = Debug|Any CPU
		{1644DFD9-7D6D-4BC5-A282-5581DD166E89}.Release|Any CPU.ActiveCfg = Release|Any CPU
		{1644DFD9-7D6D-4BC5-A282-5581DD166E89}.Release|Any CPU.Build.0 = Release|Any CPU
		{84F6AA4D-9C90-4F30-9D87-8FCB1723EF13}.Debug|Any CPU.ActiveCfg = Debug|Any CPU
		{84F6AA4D-9C90-4F30-9D87-8FCB1723EF13}.Debug|Any CPU.Build.0 = Debug|Any CPU
		{84F6AA4D-9C90-4F30-9D87-8FCB1723EF13}.Release|Any CPU.ActiveCfg = Release|Any CPU
		{84F6AA4D-9C90-4F30-9D87-8FCB1723EF13}.Release|Any CPU.Build.0 = Release|Any CPU
		{5589CA4F-6C98-43BA-99CB-D17C4248A11C}.Debug|Any CPU.ActiveCfg = Debug|Any CPU
		{5589CA4F-6C98-43BA-99CB-D17C4248A11C}.Debug|Any CPU.Build.0 = Debug|Any CPU
		{5589CA4F-6C98-43BA-99CB-D17C4248A11C}.Release|Any CPU.ActiveCfg = Release|Any CPU
		{5589CA4F-6C98-43BA-99CB-D17C4248A11C}.Release|Any CPU.Build.0 = Release|Any CPU
	EndGlobalSection
	GlobalSection(SolutionProperties) = preSolution
		HideSolutionNode = FALSE
	EndGlobalSection
	GlobalSection(NestedProjects) = preSolution
		{08D41F61-AFFB-40F5-92E8-165E0181CE8C} = {5D0E236A-A566-41D3-987A-7CFF137B4932}
		{2855D8C3-E6DC-4186-839B-3EBBE57E708A} = {08D41F61-AFFB-40F5-92E8-165E0181CE8C}
		{1644DFD9-7D6D-4BC5-A282-5581DD166E89} = {08D41F61-AFFB-40F5-92E8-165E0181CE8C}
		{84F6AA4D-9C90-4F30-9D87-8FCB1723EF13} = {08D41F61-AFFB-40F5-92E8-165E0181CE8C}
		{5589CA4F-6C98-43BA-99CB-D17C4248A11C} = {08D41F61-AFFB-40F5-92E8-165E0181CE8C}
	EndGlobalSection
	GlobalSection(ExtensibilityGlobals) = postSolution
		SolutionGuid = {E4DD4B10-E95B-4DC0-9088-5F0C4E04456C}
	EndGlobalSection
EndGlobal
